// !$*UTF8*$!
{
	archiveVersion = 1;
	classes = {
	};
	objectVersion = 46;
	objects = {

/* Begin PBXBuildFile section */
		DC8D1CA91977B956001474DF /* Cocoa.framework in Frameworks */ = {isa = PBXBuildFile; fileRef = DC8D1CA81977B956001474DF /* Cocoa.framework */; };
		DC8D1CB31977B956001474DF /* InfoPlist.strings in Resources */ = {isa = PBXBuildFile; fileRef = DC8D1CB11977B956001474DF /* InfoPlist.strings */; };
		DC8D1CB51977B956001474DF /* main.m in Sources */ = {isa = PBXBuildFile; fileRef = DC8D1CB41977B956001474DF /* main.m */; };
		DC8D1CB91977B956001474DF /* Credits.rtf in Resources */ = {isa = PBXBuildFile; fileRef = DC8D1CB71977B956001474DF /* Credits.rtf */; };
		DC8D1CBC1977B956001474DF /* PhotoboothAppDelegate.m in Sources */ = {isa = PBXBuildFile; fileRef = DC8D1CBB1977B956001474DF /* PhotoboothAppDelegate.m */; };
		DC8D1CC41977B956001474DF /* Images.xcassets in Resources */ = {isa = PBXBuildFile; fileRef = DC8D1CC31977B956001474DF /* Images.xcassets */; };
		DC8D1CE01977B96B001474DF /* QuartzCore.framework in Frameworks */ = {isa = PBXBuildFile; fileRef = DC8D1CDF1977B96B001474DF /* QuartzCore.framework */; };
		DC8D1CE21977B976001474DF /* AVFoundation.framework in Frameworks */ = {isa = PBXBuildFile; fileRef = DC8D1CE11977B976001474DF /* AVFoundation.framework */; };
		DC8D1CE41977B97B001474DF /* CoreMedia.framework in Frameworks */ = {isa = PBXBuildFile; fileRef = DC8D1CE31977B97A001474DF /* CoreMedia.framework */; };
/* End PBXBuildFile section */

/* Begin PBXFileReference section */
		DC8D1CA51977B956001474DF /* Photobooth.app */ = {isa = PBXFileReference; explicitFileType = wrapper.application; includeInIndex = 0; path = Photobooth.app; sourceTree = BUILT_PRODUCTS_DIR; };
		DC8D1CA81977B956001474DF /* Cocoa.framework */ = {isa = PBXFileReference; lastKnownFileType = wrapper.framework; name = Cocoa.framework; path = System/Library/Frameworks/Cocoa.framework; sourceTree = SDKROOT; };
		DC8D1CAB1977B956001474DF /* AppKit.framework */ = {isa = PBXFileReference; lastKnownFileType = wrapper.framework; name = AppKit.framework; path = System/Library/Frameworks/AppKit.framework; sourceTree = SDKROOT; };
		DC8D1CAC1977B956001474DF /* CoreData.framework */ = {isa = PBXFileReference; lastKnownFileType = wrapper.framework; name = CoreData.framework; path = System/Library/Frameworks/CoreData.framework; sourceTree = SDKROOT; };
		DC8D1CAD1977B956001474DF /* Foundation.framework */ = {isa = PBXFileReference; lastKnownFileType = wrapper.framework; name = Foundation.framework; path = System/Library/Frameworks/Foundation.framework; sourceTree = SDKROOT; };
		DC8D1CB01977B956001474DF /* Photobooth-Info.plist */ = {isa = PBXFileReference; lastKnownFileType = text.plist.xml; path = "Photobooth-Info.plist"; sourceTree = "<group>"; };
		DC8D1CB21977B956001474DF /* en */ = {isa = PBXFileReference; lastKnownFileType = text.plist.strings; name = en; path = en.lproj/InfoPlist.strings; sourceTree = "<group>"; };
		DC8D1CB41977B956001474DF /* main.m */ = {isa = PBXFileReference; lastKnownFileType = sourcecode.c.objc; path = main.m; sourceTree = "<group>"; };
		DC8D1CB61977B956001474DF /* Photobooth-Prefix.pch */ = {isa = PBXFileReference; lastKnownFileType = sourcecode.c.h; path = "Photobooth-Prefix.pch"; sourceTree = "<group>"; };
		DC8D1CB81977B956001474DF /* en */ = {isa = PBXFileReference; lastKnownFileType = text.rtf; name = en; path = en.lproj/Credits.rtf; sourceTree = "<group>"; };
		DC8D1CBA1977B956001474DF /* PhotoboothAppDelegate.h */ = {isa = PBXFileReference; lastKnownFileType = sourcecode.c.h; path = PhotoboothAppDelegate.h; sourceTree = "<group>"; };
		DC8D1CBB1977B956001474DF /* PhotoboothAppDelegate.m */ = {isa = PBXFileReference; lastKnownFileType = sourcecode.c.objc; path = PhotoboothAppDelegate.m; sourceTree = "<group>"; };
		DC8D1CC31977B956001474DF /* Images.xcassets */ = {isa = PBXFileReference; lastKnownFileType = folder.assetcatalog; path = Images.xcassets; sourceTree = "<group>"; };
		DC8D1CCA1977B956001474DF /* XCTest.framework */ = {isa = PBXFileReference; lastKnownFileType = wrapper.framework; name = XCTest.framework; path = Library/Frameworks/XCTest.framework; sourceTree = DEVELOPER_DIR; };
		DC8D1CDF1977B96B001474DF /* QuartzCore.framework */ = {isa = PBXFileReference; lastKnownFileType = wrapper.framework; name = QuartzCore.framework; path = System/Library/Frameworks/QuartzCore.framework; sourceTree = SDKROOT; };
		DC8D1CE11977B976001474DF /* AVFoundation.framework */ = {isa = PBXFileReference; lastKnownFileType = wrapper.framework; name = AVFoundation.framework; path = System/Library/Frameworks/AVFoundation.framework; sourceTree = SDKROOT; };
		DC8D1CE31977B97A001474DF /* CoreMedia.framework */ = {isa = PBXFileReference; lastKnownFileType = wrapper.framework; name = CoreMedia.framework; path = System/Library/Frameworks/CoreMedia.framework; sourceTree = SDKROOT; };
/* End PBXFileReference section */

/* Begin PBXFrameworksBuildPhase section */
		DC8D1CA21977B956001474DF /* Frameworks */ = {
			isa = PBXFrameworksBuildPhase;
			buildActionMask = 2147483647;
			files = (
				DC8D1CE41977B97B001474DF /* CoreMedia.framework in Frameworks */,
				DC8D1CE21977B976001474DF /* AVFoundation.framework in Frameworks */,
				DC8D1CE01977B96B001474DF /* QuartzCore.framework in Frameworks */,
				DC8D1CA91977B956001474DF /* Cocoa.framework in Frameworks */,
			);
			runOnlyForDeploymentPostprocessing = 0;
		};
/* End PBXFrameworksBuildPhase section */

/* Begin PBXGroup section */
		DC8D1C9C1977B956001474DF = {
			isa = PBXGroup;
			children = (
				DC8D1CAE1977B956001474DF /* Photobooth */,
				DC8D1CA71977B956001474DF /* Frameworks */,
				DC8D1CA61977B956001474DF /* Products */,
			);
			sourceTree = "<group>";
		};
		DC8D1CA61977B956001474DF /* Products */ = {
			isa = PBXGroup;
			children = (
				DC8D1CA51977B956001474DF /* Photobooth.app */,
			);
			name = Products;
			sourceTree = "<group>";
		};
		DC8D1CA71977B956001474DF /* Frameworks */ = {
			isa = PBXGroup;
			children = (
				DC8D1CE31977B97A001474DF /* CoreMedia.framework */,
				DC8D1CE11977B976001474DF /* AVFoundation.framework */,
				DC8D1CDF1977B96B001474DF /* QuartzCore.framework */,
				DC8D1CA81977B956001474DF /* Cocoa.framework */,
				DC8D1CCA1977B956001474DF /* XCTest.framework */,
				DC8D1CAA1977B956001474DF /* Other Frameworks */,
			);
			name = Frameworks;
			sourceTree = "<group>";
		};
		DC8D1CAA1977B956001474DF /* Other Frameworks */ = {
			isa = PBXGroup;
			children = (
				DC8D1CAB1977B956001474DF /* AppKit.framework */,
				DC8D1CAC1977B956001474DF /* CoreData.framework */,
				DC8D1CAD1977B956001474DF /* Foundation.framework */,
			);
			name = "Other Frameworks";
			sourceTree = "<group>";
		};
		DC8D1CAE1977B956001474DF /* Photobooth */ = {
			isa = PBXGroup;
			children = (
				DC8D1CBA1977B956001474DF /* PhotoboothAppDelegate.h */,
				DC8D1CBB1977B956001474DF /* PhotoboothAppDelegate.m */,
				DC8D1CC31977B956001474DF /* Images.xcassets */,
				DC8D1CAF1977B956001474DF /* Supporting Files */,
			);
			path = Photobooth;
			sourceTree = "<group>";
		};
		DC8D1CAF1977B956001474DF /* Supporting Files */ = {
			isa = PBXGroup;
			children = (
				DC8D1CB01977B956001474DF /* Photobooth-Info.plist */,
				DC8D1CB11977B956001474DF /* InfoPlist.strings */,
				DC8D1CB41977B956001474DF /* main.m */,
				DC8D1CB61977B956001474DF /* Photobooth-Prefix.pch */,
				DC8D1CB71977B956001474DF /* Credits.rtf */,
			);
			name = "Supporting Files";
			sourceTree = "<group>";
		};
/* End PBXGroup section */

/* Begin PBXNativeTarget section */
		DC8D1CA41977B956001474DF /* Photobooth */ = {
			isa = PBXNativeTarget;
			buildConfigurationList = DC8D1CD91977B956001474DF /* Build configuration list for PBXNativeTarget "Photobooth" */;
			buildPhases = (
				DC8D1CA11977B956001474DF /* Sources */,
				DC8D1CA21977B956001474DF /* Frameworks */,
				DC8D1CA31977B956001474DF /* Resources */,
			);
			buildRules = (
			);
			dependencies = (
			);
			name = Photobooth;
			productName = Photobooth;
			productReference = DC8D1CA51977B956001474DF /* Photobooth.app */;
			productType = "com.apple.product-type.application";
		};
/* End PBXNativeTarget section */

/* Begin PBXProject section */
		DC8D1C9D1977B956001474DF /* Project object */ = {
			isa = PBXProject;
			attributes = {
				CLASSPREFIX = Photobooth;
				LastUpgradeCheck = 0510;
				ORGANIZATIONNAME = "Charly Biteau";
			};
			buildConfigurationList = DC8D1CA01977B956001474DF /* Build configuration list for PBXProject "Photobooth" */;
			compatibilityVersion = "Xcode 3.2";
			developmentRegion = English;
			hasScannedForEncodings = 0;
			knownRegions = (
				en,
				Base,
			);
			mainGroup = DC8D1C9C1977B956001474DF;
			productRefGroup = DC8D1CA61977B956001474DF /* Products */;
			projectDirPath = "";
			projectRoot = "";
			targets = (
				DC8D1CA41977B956001474DF /* Photobooth */,
			);
		};
/* End PBXProject section */

/* Begin PBXResourcesBuildPhase section */
		DC8D1CA31977B956001474DF /* Resources */ = {
			isa = PBXResourcesBuildPhase;
			buildActionMask = 2147483647;
			files = (
				DC8D1CB31977B956001474DF /* InfoPlist.strings in Resources */,
				DC8D1CC41977B956001474DF /* Images.xcassets in Resources */,
				DC8D1CB91977B956001474DF /* Credits.rtf in Resources */,
			);
			runOnlyForDeploymentPostprocessing = 0;
		};
/* End PBXResourcesBuildPhase section */

/* Begin PBXSourcesBuildPhase section */
		DC8D1CA11977B956001474DF /* Sources */ = {
			isa = PBXSourcesBuildPhase;
			buildActionMask = 2147483647;
			files = (
				DC8D1CBC1977B956001474DF /* PhotoboothAppDelegate.m in Sources */,
				DC8D1CB51977B956001474DF /* main.m in Sources */,
			);
			runOnlyForDeploymentPostprocessing = 0;
		};
/* End PBXSourcesBuildPhase section */

/* Begin PBXVariantGroup section */
		DC8D1CB11977B956001474DF /* InfoPlist.strings */ = {
			isa = PBXVariantGroup;
			children = (
				DC8D1CB21977B956001474DF /* en */,
			);
			name = InfoPlist.strings;
			sourceTree = "<group>";
		};
		DC8D1CB71977B956001474DF /* Credits.rtf */ = {
			isa = PBXVariantGroup;
			children = (
				DC8D1CB81977B956001474DF /* en */,
			);
			name = Credits.rtf;
			sourceTree = "<group>";
		};
/* End PBXVariantGroup section */

/* Begin XCBuildConfiguration section */
		DC8D1CD71977B956001474DF /* Debug */ = {
			isa = XCBuildConfiguration;
			buildSettings = {
				ALWAYS_SEARCH_USER_PATHS = NO;
				CLANG_CXX_LANGUAGE_STANDARD = "compiler-default";
				CLANG_CXX_LIBRARY = "compiler-default";
				CLANG_ENABLE_MODULES = NO;
				CLANG_ENABLE_OBJC_ARC = NO;
				CLANG_WARN_BOOL_CONVERSION = YES;
				CLANG_WARN_CONSTANT_CONVERSION = YES;
				CLANG_WARN_DIRECT_OBJC_ISA_USAGE = YES_ERROR;
				CLANG_WARN_EMPTY_BODY = YES;
				CLANG_WARN_ENUM_CONVERSION = YES;
				CLANG_WARN_INT_CONVERSION = YES;
				CLANG_WARN_OBJC_ROOT_CLASS = YES_ERROR;
				CLANG_WARN__DUPLICATE_METHOD_MATCH = YES;
				COPY_PHASE_STRIP = NO;
				ENABLE_NS_ASSERTIONS = YES;
				GCC_C_LANGUAGE_STANDARD = gnu99;
				GCC_DYNAMIC_NO_PIC = NO;
				GCC_ENABLE_OBJC_EXCEPTIONS = YES;
				GCC_OPTIMIZATION_LEVEL = 0;
				GCC_PREPROCESSOR_DEFINITIONS = (
					"DEBUG=1",
					"$(inherited)",
				);
				GCC_SYMBOLS_PRIVATE_EXTERN = NO;
				GCC_WARN_64_TO_32_BIT_CONVERSION = YES;
				GCC_WARN_ABOUT_RETURN_TYPE = YES_ERROR;
				GCC_WARN_UNDECLARED_SELECTOR = YES;
				GCC_WARN_UNINITIALIZED_AUTOS = YES_AGGRESSIVE;
				GCC_WARN_UNUSED_FUNCTION = YES;
				GCC_WARN_UNUSED_VARIABLE = YES;
				MACOSX_DEPLOYMENT_TARGET = 10.7;
				ONLY_ACTIVE_ARCH = YES;
				SDKROOT = macosx;
			};
			name = Debug;
		};
		DC8D1CD81977B956001474DF /* Release */ = {
			isa = XCBuildConfiguration;
			buildSettings = {
				ALWAYS_SEARCH_USER_PATHS = NO;
				CLANG_CXX_LANGUAGE_STANDARD = "compiler-default";
				CLANG_CXX_LIBRARY = "compiler-default";
				CLANG_ENABLE_MODULES = NO;
				CLANG_ENABLE_OBJC_ARC = NO;
				CLANG_WARN_BOOL_CONVERSION = YES;
				CLANG_WARN_CONSTANT_CONVERSION = YES;
				CLANG_WARN_DIRECT_OBJC_ISA_USAGE = YES_ERROR;
				CLANG_WARN_EMPTY_BODY = YES;
				CLANG_WARN_ENUM_CONVERSION = YES;
				CLANG_WARN_INT_CONVERSION = YES;
				CLANG_WARN_OBJC_ROOT_CLASS = YES_ERROR;
				CLANG_WARN__DUPLICATE_METHOD_MATCH = YES;
				COPY_PHASE_STRIP = YES;
				DEBUG_INFORMATION_FORMAT = "dwarf-with-dsym";
				ENABLE_NS_ASSERTIONS = YES;
				GCC_C_LANGUAGE_STANDARD = gnu99;
				GCC_ENABLE_OBJC_EXCEPTIONS = YES;
				GCC_WARN_64_TO_32_BIT_CONVERSION = YES;
				GCC_WARN_ABOUT_RETURN_TYPE = YES_ERROR;
				GCC_WARN_UNDECLARED_SELECTOR = YES;
				GCC_WARN_UNINITIALIZED_AUTOS = YES_AGGRESSIVE;
				GCC_WARN_UNUSED_FUNCTION = YES;
				GCC_WARN_UNUSED_VARIABLE = YES;
				MACOSX_DEPLOYMENT_TARGET = 10.7;
				SDKROOT = macosx;
			};
			name = Release;
		};
		DC8D1CDA1977B956001474DF /* Debug */ = {
			isa = XCBuildConfiguration;
			buildSettings = {
				ARCHS = "$(ARCHS_STANDARD_64_BIT)";
				ASSETCATALOG_COMPILER_APPICON_NAME = AppIcon;
				COMBINE_HIDPI_IMAGES = NO;
				GCC_PRECOMPILE_PREFIX_HEADER = YES;
				GCC_PREFIX_HEADER = "Photobooth/Photobooth-Prefix.pch";
				INFOPLIST_FILE = "Photobooth/Photobooth-Info.plist";
				MACOSX_DEPLOYMENT_TARGET = 10.7;
				PRODUCT_NAME = "$(TARGET_NAME)";
				WRAPPER_EXTENSION = app;
			};
			name = Debug;
		};
		DC8D1CDB1977B956001474DF /* Release */ = {
			isa = XCBuildConfiguration;
			buildSettings = {
				ARCHS = "$(ARCHS_STANDARD_64_BIT)";
				ASSETCATALOG_COMPILER_APPICON_NAME = AppIcon;
				COMBINE_HIDPI_IMAGES = NO;
				GCC_PRECOMPILE_PREFIX_HEADER = YES;
				GCC_PREFIX_HEADER = "Photobooth/Photobooth-Prefix.pch";
				INFOPLIST_FILE = "Photobooth/Photobooth-Info.plist";
				MACOSX_DEPLOYMENT_TARGET = 10.7;
				PRODUCT_NAME = "$(TARGET_NAME)";
				WRAPPER_EXTENSION = app;
			};
			name = Release;
		};
/* End XCBuildConfiguration section */

/* Begin XCConfigurationList section */
		DC8D1CA01977B956001474DF /* Build configuration list for PBXProject "Photobooth" */ = {
			isa = XCConfigurationList;
			buildConfigurations = (
				DC8D1CD71977B956001474DF /* Debug */,
				DC8D1CD81977B956001474DF /* Release */,
			);
			defaultConfigurationIsVisible = 0;
			defaultConfigurationName = Release;
		};
		DC8D1CD91977B956001474DF /* Build configuration list for PBXNativeTarget "Photobooth" */ = {
			isa = XCConfigurationList;
			buildConfigurations = (
				DC8D1CDA1977B956001474DF /* Debug */,
				DC8D1CDB1977B956001474DF /* Release */,
			);
			defaultConfigurationIsVisible = 0;
			defaultConfigurationName = Release;
		};
/* End XCConfigurationList section */
	};
	rootObject = DC8D1C9D1977B956001474DF /* Project object */;
}
